
Microsoft Visual Studio Solution File, Format Version 12.00
# Visual Studio Version 16
VisualStudioVersion = 16.0.31205.134
MinimumVisualStudioVersion = 10.0.40219.1
Project("{FAE04EC0-301F-11D3-BF4B-00C04F79EFBC}") = "UsandoDapper", "UsandoDapper\UsandoDapper.csproj", "{A0E68944-C44E-4D33-AC40-D1063EC8E4D2}"
EndProject
Global
	GlobalSection(SolutionConfigurationPlatforms) = preSolution
		Debug|Any CPU = Debug|Any CPU
		Release|Any CPU = Release|Any CPU
	EndGlobalSection
	GlobalSection(ProjectConfigurationPlatforms) = postSolution
		{A0E68944-C44E-4D33-AC40-D1063EC8E4D2}.Debug|Any CPU.ActiveCfg = Debug|Any CPU
		{A0E68944-C44E-4D33-AC40-D1063EC8E4D2}.Debug|Any CPU.Build.0 = Debug|Any CPU
		{A0E68944-C44E-4D33-AC40-D1063EC8E4D2}.Release|Any CPU.ActiveCfg = Release|Any CPU
		{A0E68944-C44E-4D33-AC40-D1063EC8E4D2}.Release|Any CPU.Build.0 = Release|Any CPU
	EndGlobalSection
	GlobalSection(SolutionProperties) = preSolution
		HideSolutionNode = FALSE
	EndGlobalSection
	GlobalSection(ExtensibilityGlobals) = postSolution
		SolutionGuid = {CCF7E347-20F7-4F84-8CD3-B93DF93135BF}
	EndGlobalSection
EndGlobal
